
Microsoft Visual Studio Solution File, Format Version 12.00
# Visual Studio 2013
VisualStudioVersion = 12.0.31101.0
MinimumVisualStudioVersion = 10.0.40219.1
Project("{8BC9CEB8-8B4A-11D0-8D11-00A0C91BC942}") = "Client", "nxs13u_OSC_CW1\nxs13u_OSC_CW1.vcxproj", "{76250338-1503-410A-8C37-53F153C01F66}"
EndProject
Project("{8BC9CEB8-8B4A-11D0-8D11-00A0C91BC942}") = "Server", "Server\Server.vcxproj", "{89A6B7A8-D195-4A90-8CBB-85F361D53461}"
EndProject
Project("{8BC9CEB8-8B4A-11D0-8D11-00A0C91BC942}") = "Client2", "Client2\Client2.vcxproj", "{03DB2C61-C0A3-4997-BFDE-6E12D8A7329D}"
EndProject
Global
	GlobalSection(SolutionConfigurationPlatforms) = preSolution
		Debug|Win32 = Debug|Win32
		Release|Win32 = Release|Win32
	EndGlobalSection
	GlobalSection(ProjectConfigurationPlatforms) = postSolution
		{76250338-1503-410A-8C37-53F153C01F66}.Debug|Win32.ActiveCfg = Debug|Win32
		{76250338-1503-410A-8C37-53F153C01F66}.Debug|Win32.Build.0 = Debug|Win32
		{76250338-1503-410A-8C37-53F153C01F66}.Release|Win32.ActiveCfg = Release|Win32
		{76250338-1503-410A-8C37-53F153C01F66}.Release|Win32.Build.0 = Release|Win32
		{89A6B7A8-D195-4A90-8CBB-85F361D53461}.Debug|Win32.ActiveCfg = Debug|Win32
		{89A6B7A8-D195-4A90-8CBB-85F361D53461}.Debug|Win32.Build.0 = Debug|Win32
		{89A6B7A8-D195-4A90-8CBB-85F361D53461}.Release|Win32.ActiveCfg = Release|Win32
		{89A6B7A8-D195-4A90-8CBB-85F361D53461}.Release|Win32.Build.0 = Release|Win32
		{03DB2C61-C0A3-4997-BFDE-6E12D8A7329D}.Debug|Win32.ActiveCfg = Debug|Win32
		{03DB2C61-C0A3-4997-BFDE-6E12D8A7329D}.Debug|Win32.Build.0 = Debug|Win32
		{03DB2C61-C0A3-4997-BFDE-6E12D8A7329D}.Release|Win32.ActiveCfg = Release|Win32
		{03DB2C61-C0A3-4997-BFDE-6E12D8A7329D}.Release|Win32.Build.0 = Release|Win32
	EndGlobalSection
	GlobalSection(SolutionProperties) = preSolution
		HideSolutionNode = FALSE
	EndGlobalSection
EndGlobal
